// !$*UTF8*$!
{
	archiveVersion = 1;
	classes = {
	};
	objectVersion = 46;
	objects = {

/* Begin PBXBuildFile section */
		FAB7C28C1DFE38CF00E14FCF /* AppDelegate.swift in Sources */ = {isa = PBXBuildFile; fileRef = FAB7C28B1DFE38CF00E14FCF /* AppDelegate.swift */; };
		FAB7C2911DFE38CF00E14FCF /* Main.storyboard in Resources */ = {isa = PBXBuildFile; fileRef = FAB7C28F1DFE38CF00E14FCF /* Main.storyboard */; };
		FAB7C2931DFE38CF00E14FCF /* Assets.xcassets in Resources */ = {isa = PBXBuildFile; fileRef = FAB7C2921DFE38CF00E14FCF /* Assets.xcassets */; };
		FAB7C2961DFE38CF00E14FCF /* LaunchScreen.storyboard in Resources */ = {isa = PBXBuildFile; fileRef = FAB7C2941DFE38CF00E14FCF /* LaunchScreen.storyboard */; };
		FAB7C2A11DFE38CF00E14FCF /* Done_startTests.swift in Sources */ = {isa = PBXBuildFile; fileRef = FAB7C2A01DFE38CF00E14FCF /* Done_startTests.swift */; };
		FAB7C2AC1DFE38D000E14FCF /* Done_startUITests.swift in Sources */ = {isa = PBXBuildFile; fileRef = FAB7C2AB1DFE38D000E14FCF /* Done_startUITests.swift */; };
		FAB7C2BD1DFE38F800E14FCF /* User.swift in Sources */ = {isa = PBXBuildFile; fileRef = FAB7C2BC1DFE38F800E14FCF /* User.swift */; };
		FAB7C2BF1DFE390100E14FCF /* Item.swift in Sources */ = {isa = PBXBuildFile; fileRef = FAB7C2BE1DFE390100E14FCF /* Item.swift */; };
		FAB7C2C11DFE3A1100E14FCF /* DoneItemTableViewController.swift in Sources */ = {isa = PBXBuildFile; fileRef = FAB7C2C01DFE3A1100E14FCF /* DoneItemTableViewController.swift */; };
		FAB7C2C31DFE3A2400E14FCF /* DoneAddItemViewController.swift in Sources */ = {isa = PBXBuildFile; fileRef = FAB7C2C21DFE3A2400E14FCF /* DoneAddItemViewController.swift */; };
		FAB7C2C51DFE3A3900E14FCF /* DoneOnlineUsersTableViewController.swift in Sources */ = {isa = PBXBuildFile; fileRef = FAB7C2C41DFE3A3900E14FCF /* DoneOnlineUsersTableViewController.swift */; };
/* End PBXBuildFile section */

/* Begin PBXContainerItemProxy section */
		FAB7C29D1DFE38CF00E14FCF /* PBXContainerItemProxy */ = {
			isa = PBXContainerItemProxy;
			containerPortal = FAB7C2801DFE38CF00E14FCF /* Project object */;
			proxyType = 1;
			remoteGlobalIDString = FAB7C2871DFE38CF00E14FCF;
			remoteInfo = "Done-start";
		};
		FAB7C2A81DFE38D000E14FCF /* PBXContainerItemProxy */ = {
			isa = PBXContainerItemProxy;
			containerPortal = FAB7C2801DFE38CF00E14FCF /* Project object */;
			proxyType = 1;
			remoteGlobalIDString = FAB7C2871DFE38CF00E14FCF;
			remoteInfo = "Done-start";
		};
/* End PBXContainerItemProxy section */

/* Begin PBXFileReference section */
		FAB7C2881DFE38CF00E14FCF /* Done-start.app */ = {isa = PBXFileReference; explicitFileType = wrapper.application; includeInIndex = 0; path = "Done-start.app"; sourceTree = BUILT_PRODUCTS_DIR; };
		FAB7C28B1DFE38CF00E14FCF /* AppDelegate.swift */ = {isa = PBXFileReference; lastKnownFileType = sourcecode.swift; path = AppDelegate.swift; sourceTree = "<group>"; };
		FAB7C2901DFE38CF00E14FCF /* Base */ = {isa = PBXFileReference; lastKnownFileType = file.storyboard; name = Base; path = Base.lproj/Main.storyboard; sourceTree = "<group>"; };
		FAB7C2921DFE38CF00E14FCF /* Assets.xcassets */ = {isa = PBXFileReference; lastKnownFileType = folder.assetcatalog; path = Assets.xcassets; sourceTree = "<group>"; };
		FAB7C2951DFE38CF00E14FCF /* Base */ = {isa = PBXFileReference; lastKnownFileType = file.storyboard; name = Base; path = Base.lproj/LaunchScreen.storyboard; sourceTree = "<group>"; };
		FAB7C2971DFE38CF00E14FCF /* Info.plist */ = {isa = PBXFileReference; lastKnownFileType = text.plist.xml; path = Info.plist; sourceTree = "<group>"; };
		FAB7C29C1DFE38CF00E14FCF /* Done-startTests.xctest */ = {isa = PBXFileReference; explicitFileType = wrapper.cfbundle; includeInIndex = 0; path = "Done-startTests.xctest"; sourceTree = BUILT_PRODUCTS_DIR; };
		FAB7C2A01DFE38CF00E14FCF /* Done_startTests.swift */ = {isa = PBXFileReference; lastKnownFileType = sourcecode.swift; path = Done_startTests.swift; sourceTree = "<group>"; };
		FAB7C2A21DFE38CF00E14FCF /* Info.plist */ = {isa = PBXFileReference; lastKnownFileType = text.plist.xml; path = Info.plist; sourceTree = "<group>"; };
		FAB7C2A71DFE38D000E14FCF /* Done-startUITests.xctest */ = {isa = PBXFileReference; explicitFileType = wrapper.cfbundle; includeInIndex = 0; path = "Done-startUITests.xctest"; sourceTree = BUILT_PRODUCTS_DIR; };
		FAB7C2AB1DFE38D000E14FCF /* Done_startUITests.swift */ = {isa = PBXFileReference; lastKnownFileType = sourcecode.swift; path = Done_startUITests.swift; sourceTree = "<group>"; };
		FAB7C2AD1DFE38D000E14FCF /* Info.plist */ = {isa = PBXFileReference; lastKnownFileType = text.plist.xml; path = Info.plist; sourceTree = "<group>"; };
		FAB7C2BC1DFE38F800E14FCF /* User.swift */ = {isa = PBXFileReference; fileEncoding = 4; lastKnownFileType = sourcecode.swift; path = User.swift; sourceTree = "<group>"; };
		FAB7C2BE1DFE390100E14FCF /* Item.swift */ = {isa = PBXFileReference; fileEncoding = 4; lastKnownFileType = sourcecode.swift; path = Item.swift; sourceTree = "<group>"; };
		FAB7C2C01DFE3A1100E14FCF /* DoneItemTableViewController.swift */ = {isa = PBXFileReference; fileEncoding = 4; lastKnownFileType = sourcecode.swift; path = DoneItemTableViewController.swift; sourceTree = "<group>"; };
		FAB7C2C21DFE3A2400E14FCF /* DoneAddItemViewController.swift */ = {isa = PBXFileReference; fileEncoding = 4; lastKnownFileType = sourcecode.swift; path = DoneAddItemViewController.swift; sourceTree = "<group>"; };
		FAB7C2C41DFE3A3900E14FCF /* DoneOnlineUsersTableViewController.swift */ = {isa = PBXFileReference; fileEncoding = 4; lastKnownFileType = sourcecode.swift; path = DoneOnlineUsersTableViewController.swift; sourceTree = "<group>"; };
/* End PBXFileReference section */

/* Begin PBXFrameworksBuildPhase section */
		FAB7C2851DFE38CF00E14FCF /* Frameworks */ = {
			isa = PBXFrameworksBuildPhase;
			buildActionMask = 2147483647;
			files = (
			);
			runOnlyForDeploymentPostprocessing = 0;
		};
		FAB7C2991DFE38CF00E14FCF /* Frameworks */ = {
			isa = PBXFrameworksBuildPhase;
			buildActionMask = 2147483647;
			files = (
			);
			runOnlyForDeploymentPostprocessing = 0;
		};
		FAB7C2A41DFE38D000E14FCF /* Frameworks */ = {
			isa = PBXFrameworksBuildPhase;
			buildActionMask = 2147483647;
			files = (
			);
			runOnlyForDeploymentPostprocessing = 0;
		};
/* End PBXFrameworksBuildPhase section */

/* Begin PBXGroup section */
		FAB7C27F1DFE38CF00E14FCF = {
			isa = PBXGroup;
			children = (
				FAB7C28A1DFE38CF00E14FCF /* Done-start */,
				FAB7C29F1DFE38CF00E14FCF /* Done-startTests */,
				FAB7C2AA1DFE38D000E14FCF /* Done-startUITests */,
				FAB7C2891DFE38CF00E14FCF /* Products */,
			);
			sourceTree = "<group>";
		};
		FAB7C2891DFE38CF00E14FCF /* Products */ = {
			isa = PBXGroup;
			children = (
				FAB7C2881DFE38CF00E14FCF /* Done-start.app */,
				FAB7C29C1DFE38CF00E14FCF /* Done-startTests.xctest */,
				FAB7C2A71DFE38D000E14FCF /* Done-startUITests.xctest */,
			);
			name = Products;
			sourceTree = "<group>";
		};
		FAB7C28A1DFE38CF00E14FCF /* Done-start */ = {
			isa = PBXGroup;
			children = (
				FAB7C2BB1DFE38E500E14FCF /* Controller */,
				FAB7C2BA1DFE38E200E14FCF /* View */,
				FAB7C2B91DFE38D900E14FCF /* Model */,
				FAB7C2921DFE38CF00E14FCF /* Assets.xcassets */,
				FAB7C2971DFE38CF00E14FCF /* Info.plist */,
			);
			path = "Done-start";
			sourceTree = "<group>";
		};
		FAB7C29F1DFE38CF00E14FCF /* Done-startTests */ = {
			isa = PBXGroup;
			children = (
				FAB7C2A01DFE38CF00E14FCF /* Done_startTests.swift */,
				FAB7C2A21DFE38CF00E14FCF /* Info.plist */,
			);
			path = "Done-startTests";
			sourceTree = "<group>";
		};
		FAB7C2AA1DFE38D000E14FCF /* Done-startUITests */ = {
			isa = PBXGroup;
			children = (
				FAB7C2AB1DFE38D000E14FCF /* Done_startUITests.swift */,
				FAB7C2AD1DFE38D000E14FCF /* Info.plist */,
			);
			path = "Done-startUITests";
			sourceTree = "<group>";
		};
		FAB7C2B91DFE38D900E14FCF /* Model */ = {
			isa = PBXGroup;
			children = (
				FAB7C2BC1DFE38F800E14FCF /* User.swift */,
				FAB7C2BE1DFE390100E14FCF /* Item.swift */,
			);
			name = Model;
			sourceTree = "<group>";
		};
		FAB7C2BA1DFE38E200E14FCF /* View */ = {
			isa = PBXGroup;
			children = (
				FAB7C28F1DFE38CF00E14FCF /* Main.storyboard */,
				FAB7C2941DFE38CF00E14FCF /* LaunchScreen.storyboard */,
			);
			name = View;
			sourceTree = "<group>";
		};
		FAB7C2BB1DFE38E500E14FCF /* Controller */ = {
			isa = PBXGroup;
			children = (
				FAB7C28B1DFE38CF00E14FCF /* AppDelegate.swift */,
				FAB7C2C01DFE3A1100E14FCF /* DoneItemTableViewController.swift */,
				FAB7C2C21DFE3A2400E14FCF /* DoneAddItemViewController.swift */,
				FAB7C2C41DFE3A3900E14FCF /* DoneOnlineUsersTableViewController.swift */,
			);
			name = Controller;
			sourceTree = "<group>";
		};
/* End PBXGroup section */

/* Begin PBXNativeTarget section */
		FAB7C2871DFE38CF00E14FCF /* Done-start */ = {
			isa = PBXNativeTarget;
			buildConfigurationList = FAB7C2B01DFE38D000E14FCF /* Build configuration list for PBXNativeTarget "Done-start" */;
			buildPhases = (
				FAB7C2841DFE38CF00E14FCF /* Sources */,
				FAB7C2851DFE38CF00E14FCF /* Frameworks */,
				FAB7C2861DFE38CF00E14FCF /* Resources */,
			);
			buildRules = (
			);
			dependencies = (
			);
			name = "Done-start";
			productName = "Done-start";
			productReference = FAB7C2881DFE38CF00E14FCF /* Done-start.app */;
			productType = "com.apple.product-type.application";
		};
		FAB7C29B1DFE38CF00E14FCF /* Done-startTests */ = {
			isa = PBXNativeTarget;
			buildConfigurationList = FAB7C2B31DFE38D000E14FCF /* Build configuration list for PBXNativeTarget "Done-startTests" */;
			buildPhases = (
				FAB7C2981DFE38CF00E14FCF /* Sources */,
				FAB7C2991DFE38CF00E14FCF /* Frameworks */,
				FAB7C29A1DFE38CF00E14FCF /* Resources */,
			);
			buildRules = (
			);
			dependencies = (
				FAB7C29E1DFE38CF00E14FCF /* PBXTargetDependency */,
			);
			name = "Done-startTests";
			productName = "Done-startTests";
			productReference = FAB7C29C1DFE38CF00E14FCF /* Done-startTests.xctest */;
			productType = "com.apple.product-type.bundle.unit-test";
		};
		FAB7C2A61DFE38D000E14FCF /* Done-startUITests */ = {
			isa = PBXNativeTarget;
			buildConfigurationList = FAB7C2B61DFE38D000E14FCF /* Build configuration list for PBXNativeTarget "Done-startUITests" */;
			buildPhases = (
				FAB7C2A31DFE38D000E14FCF /* Sources */,
				FAB7C2A41DFE38D000E14FCF /* Frameworks */,
				FAB7C2A51DFE38D000E14FCF /* Resources */,
			);
			buildRules = (
			);
			dependencies = (
				FAB7C2A91DFE38D000E14FCF /* PBXTargetDependency */,
			);
			name = "Done-startUITests";
			productName = "Done-startUITests";
			productReference = FAB7C2A71DFE38D000E14FCF /* Done-startUITests.xctest */;
			productType = "com.apple.product-type.bundle.ui-testing";
		};
/* End PBXNativeTarget section */

/* Begin PBXProject section */
		FAB7C2801DFE38CF00E14FCF /* Project object */ = {
			isa = PBXProject;
			attributes = {
				LastSwiftUpdateCheck = 0810;
				LastUpgradeCheck = 0810;
				ORGANIZATIONNAME = "Louise Bishop";
				TargetAttributes = {
					FAB7C2871DFE38CF00E14FCF = {
						CreatedOnToolsVersion = 8.1;
						DevelopmentTeam = 6UJ7T2VQ96;
						ProvisioningStyle = Automatic;
					};
					FAB7C29B1DFE38CF00E14FCF = {
						CreatedOnToolsVersion = 8.1;
						DevelopmentTeam = 6UJ7T2VQ96;
						ProvisioningStyle = Automatic;
						TestTargetID = FAB7C2871DFE38CF00E14FCF;
					};
					FAB7C2A61DFE38D000E14FCF = {
						CreatedOnToolsVersion = 8.1;
						DevelopmentTeam = 6UJ7T2VQ96;
						ProvisioningStyle = Automatic;
						TestTargetID = FAB7C2871DFE38CF00E14FCF;
					};
				};
			};
			buildConfigurationList = FAB7C2831DFE38CF00E14FCF /* Build configuration list for PBXProject "Done-start" */;
			compatibilityVersion = "Xcode 3.2";
			developmentRegion = English;
			hasScannedForEncodings = 0;
			knownRegions = (
				en,
				Base,
			);
			mainGroup = FAB7C27F1DFE38CF00E14FCF;
			productRefGroup = FAB7C2891DFE38CF00E14FCF /* Products */;
			projectDirPath = "";
			projectRoot = "";
			targets = (
				FAB7C2871DFE38CF00E14FCF /* Done-start */,
				FAB7C29B1DFE38CF00E14FCF /* Done-startTests */,
				FAB7C2A61DFE38D000E14FCF /* Done-startUITests */,
			);
		};
/* End PBXProject section */

/* Begin PBXResourcesBuildPhase section */
		FAB7C2861DFE38CF00E14FCF /* Resources */ = {
			isa = PBXResourcesBuildPhase;
			buildActionMask = 2147483647;
			files = (
				FAB7C2961DFE38CF00E14FCF /* LaunchScreen.storyboard in Resources */,
				FAB7C2931DFE38CF00E14FCF /* Assets.xcassets in Resources */,
				FAB7C2911DFE38CF00E14FCF /* Main.storyboard in Resources */,
			);
			runOnlyForDeploymentPostprocessing = 0;
		};
		FAB7C29A1DFE38CF00E14FCF /* Resources */ = {
			isa = PBXResourcesBuildPhase;
			buildActionMask = 2147483647;
			files = (
			);
			runOnlyForDeploymentPostprocessing = 0;
		};
		FAB7C2A51DFE38D000E14FCF /* Resources */ = {
			isa = PBXResourcesBuildPhase;
			buildActionMask = 2147483647;
			files = (
			);
			runOnlyForDeploymentPostprocessing = 0;
		};
/* End PBXResourcesBuildPhase section */

/* Begin PBXSourcesBuildPhase section */
		FAB7C2841DFE38CF00E14FCF /* Sources */ = {
			isa = PBXSourcesBuildPhase;
			buildActionMask = 2147483647;
			files = (
				FAB7C2C11DFE3A1100E14FCF /* DoneItemTableViewController.swift in Sources */,
				FAB7C2C31DFE3A2400E14FCF /* DoneAddItemViewController.swift in Sources */,
				FAB7C2BD1DFE38F800E14FCF /* User.swift in Sources */,
				FAB7C2BF1DFE390100E14FCF /* Item.swift in Sources */,
				FAB7C28C1DFE38CF00E14FCF /* AppDelegate.swift in Sources */,
				FAB7C2C51DFE3A3900E14FCF /* DoneOnlineUsersTableViewController.swift in Sources */,
			);
			runOnlyForDeploymentPostprocessing = 0;
		};
		FAB7C2981DFE38CF00E14FCF /* Sources */ = {
			isa = PBXSourcesBuildPhase;
			buildActionMask = 2147483647;
			files = (
				FAB7C2A11DFE38CF00E14FCF /* Done_startTests.swift in Sources */,
			);
			runOnlyForDeploymentPostprocessing = 0;
		};
		FAB7C2A31DFE38D000E14FCF /* Sources */ = {
			isa = PBXSourcesBuildPhase;
			buildActionMask = 2147483647;
			files = (
				FAB7C2AC1DFE38D000E14FCF /* Done_startUITests.swift in Sources */,
			);
			runOnlyForDeploymentPostprocessing = 0;
		};
/* End PBXSourcesBuildPhase section */

/* Begin PBXTargetDependency section */
		FAB7C29E1DFE38CF00E14FCF /* PBXTargetDependency */ = {
			isa = PBXTargetDependency;
			target = FAB7C2871DFE38CF00E14FCF /* Done-start */;
			targetProxy = FAB7C29D1DFE38CF00E14FCF /* PBXContainerItemProxy */;
		};
		FAB7C2A91DFE38D000E14FCF /* PBXTargetDependency */ = {
			isa = PBXTargetDependency;
			target = FAB7C2871DFE38CF00E14FCF /* Done-start */;
			targetProxy = FAB7C2A81DFE38D000E14FCF /* PBXContainerItemProxy */;
		};
/* End PBXTargetDependency section */

/* Begin PBXVariantGroup section */
		FAB7C28F1DFE38CF00E14FCF /* Main.storyboard */ = {
			isa = PBXVariantGroup;
			children = (
				FAB7C2901DFE38CF00E14FCF /* Base */,
			);
			name = Main.storyboard;
			sourceTree = "<group>";
		};
		FAB7C2941DFE38CF00E14FCF /* LaunchScreen.storyboard */ = {
			isa = PBXVariantGroup;
			children = (
				FAB7C2951DFE38CF00E14FCF /* Base */,
			);
			name = LaunchScreen.storyboard;
			sourceTree = "<group>";
		};
/* End PBXVariantGroup section */

/* Begin XCBuildConfiguration section */
		FAB7C2AE1DFE38D000E14FCF /* Debug */ = {
			isa = XCBuildConfiguration;
			buildSettings = {
				ALWAYS_SEARCH_USER_PATHS = NO;
				CLANG_ANALYZER_NONNULL = YES;
				CLANG_CXX_LANGUAGE_STANDARD = "gnu++0x";
				CLANG_CXX_LIBRARY = "libc++";
				CLANG_ENABLE_MODULES = YES;
				CLANG_ENABLE_OBJC_ARC = YES;
				CLANG_WARN_BOOL_CONVERSION = YES;
				CLANG_WARN_CONSTANT_CONVERSION = YES;
				CLANG_WARN_DIRECT_OBJC_ISA_USAGE = YES_ERROR;
				CLANG_WARN_DOCUMENTATION_COMMENTS = YES;
				CLANG_WARN_EMPTY_BODY = YES;
				CLANG_WARN_ENUM_CONVERSION = YES;
				CLANG_WARN_INFINITE_RECURSION = YES;
				CLANG_WARN_INT_CONVERSION = YES;
				CLANG_WARN_OBJC_ROOT_CLASS = YES_ERROR;
				CLANG_WARN_SUSPICIOUS_MOVES = YES;
				CLANG_WARN_UNREACHABLE_CODE = YES;
				CLANG_WARN__DUPLICATE_METHOD_MATCH = YES;
				"CODE_SIGN_IDENTITY[sdk=iphoneos*]" = "iPhone Developer";
				COPY_PHASE_STRIP = NO;
				DEBUG_INFORMATION_FORMAT = dwarf;
				ENABLE_STRICT_OBJC_MSGSEND = YES;
				ENABLE_TESTABILITY = YES;
				GCC_C_LANGUAGE_STANDARD = gnu99;
				GCC_DYNAMIC_NO_PIC = NO;
				GCC_NO_COMMON_BLOCKS = YES;
				GCC_OPTIMIZATION_LEVEL = 0;
				GCC_PREPROCESSOR_DEFINITIONS = (
					"DEBUG=1",
					"$(inherited)",
				);
				GCC_WARN_64_TO_32_BIT_CONVERSION = YES;
				GCC_WARN_ABOUT_RETURN_TYPE = YES_ERROR;
				GCC_WARN_UNDECLARED_SELECTOR = YES;
				GCC_WARN_UNINITIALIZED_AUTOS = YES_AGGRESSIVE;
				GCC_WARN_UNUSED_FUNCTION = YES;
				GCC_WARN_UNUSED_VARIABLE = YES;
				IPHONEOS_DEPLOYMENT_TARGET = 10.1;
				MTL_ENABLE_DEBUG_INFO = YES;
				ONLY_ACTIVE_ARCH = YES;
				SDKROOT = iphoneos;
				SWIFT_ACTIVE_COMPILATION_CONDITIONS = DEBUG;
				SWIFT_OPTIMIZATION_LEVEL = "-Onone";
				TARGETED_DEVICE_FAMILY = "1,2";
			};
			name = Debug;
		};
		FAB7C2AF1DFE38D000E14FCF /* Release */ = {
			isa = XCBuildConfiguration;
			buildSettings = {
				ALWAYS_SEARCH_USER_PATHS = NO;
				CLANG_ANALYZER_NONNULL = YES;
				CLANG_CXX_LANGUAGE_STANDARD = "gnu++0x";
				CLANG_CXX_LIBRARY = "libc++";
				CLANG_ENABLE_MODULES = YES;
				CLANG_ENABLE_OBJC_ARC = YES;
				CLANG_WARN_BOOL_CONVERSION = YES;
				CLANG_WARN_CONSTANT_CONVERSION = YES;
				CLANG_WARN_DIRECT_OBJC_ISA_USAGE = YES_ERROR;
				CLANG_WARN_DOCUMENTATION_COMMENTS = YES;
				CLANG_WARN_EMPTY_BODY = YES;
				CLANG_WARN_ENUM_CONVERSION = YES;
				CLANG_WARN_INFINITE_RECURSION = YES;
				CLANG_WARN_INT_CONVERSION = YES;
				CLANG_WARN_OBJC_ROOT_CLASS = YES_ERROR;
				CLANG_WARN_SUSPICIOUS_MOVES = YES;
				CLANG_WARN_UNREACHABLE_CODE = YES;
				CLANG_WARN__DUPLICATE_METHOD_MATCH = YES;
				"CODE_SIGN_IDENTITY[sdk=iphoneos*]" = "iPhone Developer";
				COPY_PHASE_STRIP = NO;
				DEBUG_INFORMATION_FORMAT = "dwarf-with-dsym";
				ENABLE_NS_ASSERTIONS = NO;
				ENABLE_STRICT_OBJC_MSGSEND = YES;
				GCC_C_LANGUAGE_STANDARD = gnu99;
				GCC_NO_COMMON_BLOCKS = YES;
				GCC_WARN_64_TO_32_BIT_CONVERSION = YES;
				GCC_WARN_ABOUT_RETURN_TYPE = YES_ERROR;
				GCC_WARN_UNDECLARED_SELECTOR = YES;
				GCC_WARN_UNINITIALIZED_AUTOS = YES_AGGRESSIVE;
				GCC_WARN_UNUSED_FUNCTION = YES;
				GCC_WARN_UNUSED_VARIABLE = YES;
				IPHONEOS_DEPLOYMENT_TARGET = 10.1;
				MTL_ENABLE_DEBUG_INFO = NO;
				SDKROOT = iphoneos;
				SWIFT_OPTIMIZATION_LEVEL = "-Owholemodule";
				TARGETED_DEVICE_FAMILY = "1,2";
				VALIDATE_PRODUCT = YES;
			};
			name = Release;
		};
		FAB7C2B11DFE38D000E14FCF /* Debug */ = {
			isa = XCBuildConfiguration;
			buildSettings = {
				ASSETCATALOG_COMPILER_APPICON_NAME = AppIcon;
				DEVELOPMENT_TEAM = 6UJ7T2VQ96;
				INFOPLIST_FILE = "Done-start/Info.plist";
				LD_RUNPATH_SEARCH_PATHS = "$(inherited) @executable_path/Frameworks";
				PRODUCT_BUNDLE_IDENTIFIER = "com.louisebishop.Done-start";
				PRODUCT_NAME = "$(TARGET_NAME)";
				SWIFT_VERSION = 3.0;
			};
			name = Debug;
		};
		FAB7C2B21DFE38D000E14FCF /* Release */ = {
			isa = XCBuildConfiguration;
			buildSettings = {
				ASSETCATALOG_COMPILER_APPICON_NAME = AppIcon;
				DEVELOPMENT_TEAM = 6UJ7T2VQ96;
				INFOPLIST_FILE = "Done-start/Info.plist";
				LD_RUNPATH_SEARCH_PATHS = "$(inherited) @executable_path/Frameworks";
				PRODUCT_BUNDLE_IDENTIFIER = "com.louisebishop.Done-start";
				PRODUCT_NAME = "$(TARGET_NAME)";
				SWIFT_VERSION = 3.0;
			};
			name = Release;
		};
		FAB7C2B41DFE38D000E14FCF /* Debug */ = {
			isa = XCBuildConfiguration;
			buildSettings = {
				ALWAYS_EMBED_SWIFT_STANDARD_LIBRARIES = YES;
				BUNDLE_LOADER = "$(TEST_HOST)";
				DEVELOPMENT_TEAM = 6UJ7T2VQ96;
				INFOPLIST_FILE = "Done-startTests/Info.plist";
				LD_RUNPATH_SEARCH_PATHS = "$(inherited) @executable_path/Frameworks @loader_path/Frameworks";
				PRODUCT_BUNDLE_IDENTIFIER = "com.louisebishop.Done-startTests";
				PRODUCT_NAME = "$(TARGET_NAME)";
				SWIFT_VERSION = 3.0;
				TEST_HOST = "$(BUILT_PRODUCTS_DIR)/Done-start.app/Done-start";
			};
			name = Debug;
		};
		FAB7C2B51DFE38D000E14FCF /* Release */ = {
			isa = XCBuildConfiguration;
			buildSettings = {
				ALWAYS_EMBED_SWIFT_STANDARD_LIBRARIES = YES;
				BUNDLE_LOADER = "$(TEST_HOST)";
				DEVELOPMENT_TEAM = 6UJ7T2VQ96;
				INFOPLIST_FILE = "Done-startTests/Info.plist";
				LD_RUNPATH_SEARCH_PATHS = "$(inherited) @executable_path/Frameworks @loader_path/Frameworks";
				PRODUCT_BUNDLE_IDENTIFIER = "com.louisebishop.Done-startTests";
				PRODUCT_NAME = "$(TARGET_NAME)";
				SWIFT_VERSION = 3.0;
				TEST_HOST = "$(BUILT_PRODUCTS_DIR)/Done-start.app/Done-start";
			};
			name = Release;
		};
		FAB7C2B71DFE38D000E14FCF /* Debug */ = {
			isa = XCBuildConfiguration;
			buildSettings = {
				ALWAYS_EMBED_SWIFT_STANDARD_LIBRARIES = YES;
				DEVELOPMENT_TEAM = 6UJ7T2VQ96;
				INFOPLIST_FILE = "Done-startUITests/Info.plist";
				LD_RUNPATH_SEARCH_PATHS = "$(inherited) @executable_path/Frameworks @loader_path/Frameworks";
				PRODUCT_BUNDLE_IDENTIFIER = "com.louisebishop.Done-startUITests";
				PRODUCT_NAME = "$(TARGET_NAME)";
				SWIFT_VERSION = 3.0;
				TEST_TARGET_NAME = "Done-start";
			};
			name = Debug;
		};
		FAB7C2B81DFE38D000E14FCF /* Release */ = {
			isa = XCBuildConfiguration;
			buildSettings = {
				ALWAYS_EMBED_SWIFT_STANDARD_LIBRARIES = YES;
				DEVELOPMENT_TEAM = 6UJ7T2VQ96;
				INFOPLIST_FILE = "Done-startUITests/Info.plist";
				LD_RUNPATH_SEARCH_PATHS = "$(inherited) @executable_path/Frameworks @loader_path/Frameworks";
				PRODUCT_BUNDLE_IDENTIFIER = "com.louisebishop.Done-startUITests";
				PRODUCT_NAME = "$(TARGET_NAME)";
				SWIFT_VERSION = 3.0;
				TEST_TARGET_NAME = "Done-start";
			};
			name = Release;
		};
/* End XCBuildConfiguration section */

/* Begin XCConfigurationList section */
		FAB7C2831DFE38CF00E14FCF /* Build configuration list for PBXProject "Done-start" */ = {
			isa = XCConfigurationList;
			buildConfigurations = (
				FAB7C2AE1DFE38D000E14FCF /* Debug */,
				FAB7C2AF1DFE38D000E14FCF /* Release */,
			);
			defaultConfigurationIsVisible = 0;
			defaultConfigurationName = Release;
		};
		FAB7C2B01DFE38D000E14FCF /* Build configuration list for PBXNativeTarget "Done-start" */ = {
			isa = XCConfigurationList;
			buildConfigurations = (
				FAB7C2B11DFE38D000E14FCF /* Debug */,
				FAB7C2B21DFE38D000E14FCF /* Release */,
			);
			defaultConfigurationIsVisible = 0;
		};
		FAB7C2B31DFE38D000E14FCF /* Build configuration list for PBXNativeTarget "Done-startTests" */ = {
			isa = XCConfigurationList;
			buildConfigurations = (
				FAB7C2B41DFE38D000E14FCF /* Debug */,
				FAB7C2B51DFE38D000E14FCF /* Release */,
			);
			defaultConfigurationIsVisible = 0;
		};
		FAB7C2B61DFE38D000E14FCF /* Build configuration list for PBXNativeTarget "Done-startUITests" */ = {
			isa = XCConfigurationList;
			buildConfigurations = (
				FAB7C2B71DFE38D000E14FCF /* Debug */,
				FAB7C2B81DFE38D000E14FCF /* Release */,
			);
			defaultConfigurationIsVisible = 0;
		};
/* End XCConfigurationList section */
	};
	rootObject = FAB7C2801DFE38CF00E14FCF /* Project object */;
}
